
Microsoft Visual Studio Solution File, Format Version 12.00
# Visual Studio Version 17
VisualStudioVersion = 17.9.34728.123
MinimumVisualStudioVersion = 10.0.40219.1
Project("{FAE04EC0-301F-11D3-BF4B-00C04F79EFBC}") = "KBMixer", "KBMixer\KBMixer.csproj", "{EAA644B9-95CA-48EC-9E0D-5F973F883307}"
EndProject
Project("{9A19103F-16F7-4668-BE54-9A1E7A4F7556}") = "KBMixerWinForm", "KBMixerWinForm\KBMixerWinForm.csproj", "{2D3D7B13-414A-4F7B-A9DF-02219D7C41E4}"
EndProject
Project("{FAE04EC0-301F-11D3-BF4B-00C04F79EFBC}") = "Global_Input", "Global_Input\Global_Input.csproj", "{1BB87950-AD06-4102-B3BF-A6FE10F9EC42}"
EndProject
Global
	GlobalSection(SolutionConfigurationPlatforms) = preSolution
		Debug|Any CPU = Debug|Any CPU
		Release|Any CPU = Release|Any CPU
	EndGlobalSection
	GlobalSection(ProjectConfigurationPlatforms) = postSolution
		{EAA644B9-95CA-48EC-9E0D-5F973F883307}.Debug|Any CPU.ActiveCfg = Debug|Any CPU
		{EAA644B9-95CA-48EC-9E0D-5F973F883307}.Debug|Any CPU.Build.0 = Debug|Any CPU
		{EAA644B9-95CA-48EC-9E0D-5F973F883307}.Release|Any CPU.ActiveCfg = Release|Any CPU
		{EAA644B9-95CA-48EC-9E0D-5F973F883307}.Release|Any CPU.Build.0 = Release|Any CPU
		{2D3D7B13-414A-4F7B-A9DF-02219D7C41E4}.Debug|Any CPU.ActiveCfg = Debug|Any CPU
		{2D3D7B13-414A-4F7B-A9DF-02219D7C41E4}.Debug|Any CPU.Build.0 = Debug|Any CPU
		{2D3D7B13-414A-4F7B-A9DF-02219D7C41E4}.Release|Any CPU.ActiveCfg = Release|Any CPU
		{2D3D7B13-414A-4F7B-A9DF-02219D7C41E4}.Release|Any CPU.Build.0 = Release|Any CPU
		{1BB87950-AD06-4102-B3BF-A6FE10F9EC42}.Debug|Any CPU.ActiveCfg = Debug|Any CPU
		{1BB87950-AD06-4102-B3BF-A6FE10F9EC42}.Debug|Any CPU.Build.0 = Debug|Any CPU
		{1BB87950-AD06-4102-B3BF-A6FE10F9EC42}.Release|Any CPU.ActiveCfg = Release|Any CPU
		{1BB87950-AD06-4102-B3BF-A6FE10F9EC42}.Release|Any CPU.Build.0 = Release|Any CPU
	EndGlobalSection
	GlobalSection(SolutionProperties) = preSolution
		HideSolutionNode = FALSE
	EndGlobalSection
	GlobalSection(ExtensibilityGlobals) = postSolution
		SolutionGuid = {0A297D55-F80F-447C-B53A-D9E2B14D1592}
	EndGlobalSection
EndGlobal
